{
  "name": "@gfusee/elrond-wasm-as",
  "version": "0.1.1",
  "lockfileVersion": 2,
  "requires": true,
  "packages": {
    "": {
      "name": "@gfusee/elrond-wasm-as",
      "version": "0.1.1",
      "license": "GNU GENERAL PUBLIC LICENSE",
      "workspaces": [
        "bindgen"
      ],
      "dependencies": {
        "visitor-as": "^0.10.2"
      },
      "devDependencies": {
        "@types/node": "^18.7.14",
        "assemblyscript": "0.21.2",
        "typescript": "4.8.2"
      }
    },
    "bindgen": {
      "name": "@gfusee/elrond-wasm-as",
      "version": "0.0.1",
      "license": "ISC",
      "workspaces": [
        "bindgen"
      ],
      "devDependencies": {
        "@types/node": "^18.7.14",
        "assemblyscript": "0.21.2",
        "typescript": "4.8.2",
        "visitor-as": "^0.10.2"
      }
    },
    "core": {
      "name": "elrond-wasm-as-core",
      "version": "0.0.1",
      "extraneous": true,
      "license": "ISC",
      "devDependencies": {
        "@types/node": "^18.0.3",
        "assemblyscript": "^0.21.2",
        "elrond-wasm-as-bindgen": "file:../bindgen",
        "ts-node": "^10.8.2",
        "typescript": "^4.7.4"
      }
    },
    "node_modules/@gfusee/elrond-wasm-as": {
      "resolved": "bindgen",
      "link": true
    },
    "node_modules/@types/node": {
      "version": "18.7.14",
      "resolved": "https://registry.npmjs.org/@types/node/-/node-18.7.14.tgz",
      "integrity": "sha512-6bbDaETVi8oyIARulOE9qF1/Qdi/23z6emrUh0fNJRUmjznqrixD4MpGDdgOFk5Xb0m2H6Xu42JGdvAxaJR/wA==",
      "dev": true
    },
    "node_modules/assemblyscript": {
      "version": "0.21.2",
      "resolved": "https://registry.npmjs.org/assemblyscript/-/assemblyscript-0.21.2.tgz",
      "integrity": "sha512-p8XhdkxQxggJbA8O95iu0yUjOqIX1iy9T6D+BABzT0PUHOZbKrNgES/0aC+DgnmTN0V6EQ6XajRM2uiJ9Nt2Xw==",
      "dependencies": {
        "binaryen": "109.0.0-nightly.20220826",
        "long": "^5.2.0"
      },
      "bin": {
        "asc": "bin/asc.js",
        "asinit": "bin/asinit.js"
      },
      "engines": {
        "node": ">=16.0.0",
        "npm": ">=7.0.0"
      },
      "funding": {
        "type": "opencollective",
        "url": "https://opencollective.com/assemblyscript"
      }
    },
    "node_modules/assemblyscript/node_modules/binaryen": {
      "version": "109.0.0-nightly.20220826",
      "resolved": "https://registry.npmjs.org/binaryen/-/binaryen-109.0.0-nightly.20220826.tgz",
      "integrity": "sha512-c4I7HTm0yn+CO54Imt2sRHct2bEwlTDRGtIAJCwFyLssfUvb4FH3DaaRHNrcB8T1llvw1oWfYzBhO6tgIo2Grg==",
      "bin": {
        "wasm-opt": "bin/wasm-opt",
        "wasm2js": "bin/wasm2js"
      }
    },
    "node_modules/lodash.clonedeep": {
      "version": "4.5.0",
      "resolved": "https://registry.npmjs.org/lodash.clonedeep/-/lodash.clonedeep-4.5.0.tgz",
      "integrity": "sha512-H5ZhCF25riFd9uB5UCkVKo61m3S/xZk1x4wA6yp/L3RFP6Z/eHH1ymQcGLo7J3GMPfm0V/7m1tryHuGVxpqEBQ=="
    },
    "node_modules/long": {
      "version": "5.2.0",
      "resolved": "https://registry.npmjs.org/long/-/long-5.2.0.tgz",
      "integrity": "sha512-9RTUNjK60eJbx3uz+TEGF7fUr29ZDxR5QzXcyDpeSfeH28S9ycINflOgOlppit5U+4kNTe83KQnMEerw7GmE8w=="
    },
    "node_modules/typescript": {
      "version": "4.8.2",
      "resolved": "https://registry.npmjs.org/typescript/-/typescript-4.8.2.tgz",
      "integrity": "sha512-C0I1UsrrDHo2fYI5oaCGbSejwX4ch+9Y5jTQELvovfmFkK3HHSZJB8MSJcWLmCUBzQBchCrZ9rMRV6GuNrvGtw==",
      "dev": true,
      "bin": {
        "tsc": "bin/tsc",
        "tsserver": "bin/tsserver"
      },
      "engines": {
        "node": ">=4.2.0"
      }
    },
    "node_modules/visitor-as": {
      "version": "0.10.2",
      "resolved": "https://registry.npmjs.org/visitor-as/-/visitor-as-0.10.2.tgz",
      "integrity": "sha512-cwlkeuk75Zxy770rZwdG32KjCC1RktVY5muyFDLXCPSvxNICF/mI9BuPDFCjlgu0Ps0Uq6Z/3YJHOeRw4j1t2A==",
      "dependencies": {
        "lodash.clonedeep": "^4.5.0",
        "ts-mixer": "^6.0.1"
      },
      "peerDependencies": {
        "assemblyscript": "^0.21.2"
      }
    },
    "node_modules/visitor-as/node_modules/ts-mixer": {
      "version": "6.0.1",
      "resolved": "https://registry.npmjs.org/ts-mixer/-/ts-mixer-6.0.1.tgz",
      "integrity": "sha512-hvE+ZYXuINrx6Ei6D6hz+PTim0Uf++dYbK9FFifLNwQj+RwKquhQpn868yZsCtJYiclZF1u8l6WZxxKi+vv7Rg=="
    }
  },
  "dependencies": {
    "@gfusee/elrond-wasm-as": {
      "version": "file:bindgen",
      "requires": {
        "@types/node": "^18.7.14",
        "assemblyscript": "0.21.2",
        "typescript": "4.8.2",
        "visitor-as": "^0.10.2"
      }
    },
    "@types/node": {
      "version": "18.7.14",
      "resolved": "https://registry.npmjs.org/@types/node/-/node-18.7.14.tgz",
      "integrity": "sha512-6bbDaETVi8oyIARulOE9qF1/Qdi/23z6emrUh0fNJRUmjznqrixD4MpGDdgOFk5Xb0m2H6Xu42JGdvAxaJR/wA==",
      "dev": true
    },
    "assemblyscript": {
      "version": "0.21.2",
      "resolved": "https://registry.npmjs.org/assemblyscript/-/assemblyscript-0.21.2.tgz",
      "integrity": "sha512-p8XhdkxQxggJbA8O95iu0yUjOqIX1iy9T6D+BABzT0PUHOZbKrNgES/0aC+DgnmTN0V6EQ6XajRM2uiJ9Nt2Xw==",
      "requires": {
        "binaryen": "109.0.0-nightly.20220826",
        "long": "^5.2.0"
      },
      "dependencies": {
        "binaryen": {
          "version": "109.0.0-nightly.20220826",
          "resolved": "https://registry.npmjs.org/binaryen/-/binaryen-109.0.0-nightly.20220826.tgz",
          "integrity": "sha512-c4I7HTm0yn+CO54Imt2sRHct2bEwlTDRGtIAJCwFyLssfUvb4FH3DaaRHNrcB8T1llvw1oWfYzBhO6tgIo2Grg=="
        }
      }
    },
    "lodash.clonedeep": {
      "version": "4.5.0",
      "resolved": "https://registry.npmjs.org/lodash.clonedeep/-/lodash.clonedeep-4.5.0.tgz",
      "integrity": "sha512-H5ZhCF25riFd9uB5UCkVKo61m3S/xZk1x4wA6yp/L3RFP6Z/eHH1ymQcGLo7J3GMPfm0V/7m1tryHuGVxpqEBQ=="
    },
    "long": {
      "version": "5.2.0",
      "resolved": "https://registry.npmjs.org/long/-/long-5.2.0.tgz",
      "integrity": "sha512-9RTUNjK60eJbx3uz+TEGF7fUr29ZDxR5QzXcyDpeSfeH28S9ycINflOgOlppit5U+4kNTe83KQnMEerw7GmE8w=="
    },
    "typescript": {
      "version": "4.8.2",
      "resolved": "https://registry.npmjs.org/typescript/-/typescript-4.8.2.tgz",
      "integrity": "sha512-C0I1UsrrDHo2fYI5oaCGbSejwX4ch+9Y5jTQELvovfmFkK3HHSZJB8MSJcWLmCUBzQBchCrZ9rMRV6GuNrvGtw==",
      "dev": true
    },
    "visitor-as": {
      "version": "0.10.2",
      "resolved": "https://registry.npmjs.org/visitor-as/-/visitor-as-0.10.2.tgz",
      "integrity": "sha512-cwlkeuk75Zxy770rZwdG32KjCC1RktVY5muyFDLXCPSvxNICF/mI9BuPDFCjlgu0Ps0Uq6Z/3YJHOeRw4j1t2A==",
      "requires": {
        "lodash.clonedeep": "^4.5.0",
        "ts-mixer": "^6.0.1"
      },
      "dependencies": {
        "ts-mixer": {
          "version": "6.0.1",
          "resolved": "https://registry.npmjs.org/ts-mixer/-/ts-mixer-6.0.1.tgz",
          "integrity": "sha512-hvE+ZYXuINrx6Ei6D6hz+PTim0Uf++dYbK9FFifLNwQj+RwKquhQpn868yZsCtJYiclZF1u8l6WZxxKi+vv7Rg=="
        }
      }
    }
  }
}
